{
  "nodes": {
    "agent-functor": {
      "inputs": {
        "flake-utils": "flake-utils",
        "nixpkgs": "nixpkgs",
        "nixpkgs-adapters": "nixpkgs-adapters"
      },
      "locked": {
        "lastModified": 1785816212,
        "narHash": "sha256-CtjkSsKeYS3tIOpCO/2gv+Kw3rgQB7jS4VNehjmLRgc=",
        "ref": "refs/heads/master",
        "rev": "277022c3a036a2269848eb15a2bf93ab3647804a",
        "revCount": 105,
        "type": "git",
        "url": "file:///home/isaac/_/agent-functor"
      },
      "original": {
        "type": "git",
        "url": "file:///home/isaac/_/agent-functor"
      }
    },
    "agent-pm": {
      "inputs": {
        "home-manager": "home-manager",
        "nixpkgs": [
          "nixpkgs"
        ]
      },
      "locked": {
        "lastModified": 1784242592,
        "narHash": "sha256-ygl447nKc4Flwgd2pOAQv384S1uWZlJn+tiJe7wZuoo=",
        "owner": "fresheyeball",
        "repo": "flake-prompt",
        "rev": "117e46ccaa3fb9974bdbf2893400ccf477816c3b",
        "type": "gitlab"
      },
      "original": {
        "owner": "fresheyeball",
        "repo": "flake-prompt",
        "type": "gitlab"
      }
    },
    "flake-utils": {
      "inputs": {
        "systems": "systems"
      },
      "locked": {
        "lastModified": 1731533236,
        "narHash": "sha256-l0KFg5HjrsfsO/JpG+r7fRrqm12kzFHyUHqHCVpMMbI=",
        "owner": "numtide",
        "repo": "flake-utils",
        "rev": "11707dc2f618dd54ca8739b309ec4fc024de578b",
        "type": "github"
      },
      "original": {
        "owner": "numtide",
        "repo": "flake-utils",
        "type": "github"
      }
    },
    "home-manager": {
      "inputs": {
        "nixpkgs": [
          "agent-pm",
          "nixpkgs"
        ]
      },
      "locked": {
        "lastModified": 1784129366,
        "narHash": "sha256-N5JiyICSeQF14x+OQebNyPpYowOT9Rs1iKyeCylSzOA=",
        "owner": "nix-community",
        "repo": "home-manager",
        "rev": "165228b0efefc3e635e5174020c40ea64271dc25",
        "type": "github"
      },
      "original": {
        "owner": "nix-community",
        "repo": "home-manager",
        "type": "github"
      }
    },
    "macha": {
      "flake": false,
      "locked": {
        "lastModified": 1784053616,
        "narHash": "sha256-xspLMIP/pdOgIY8d9ofG0zRGto2otC6A80u90/H9Fao=",
        "ref": "refs/heads/main",
        "rev": "b51fa711a6cfeb570f7453376450ac5b3cc2f0a5",
        "revCount": 93,
        "type": "git",
        "url": "ssh://git@gitlab.com/mecha-team-zero/macha-orchestration"
      },
      "original": {
        "type": "git",
        "url": "ssh://git@gitlab.com/mecha-team-zero/macha-orchestration"
      }
    },
    "nixpkgs": {
      "locked": {
        "lastModified": 1751274312,
        "narHash": "sha256-/bVBlRpECLVzjV19t5KMdMFWSwKLtb5RyXdjz3LJT+g=",
        "owner": "NixOS",
        "repo": "nixpkgs",
        "rev": "50ab793786d9de88ee30ec4e4c24fb4236fc2674",
        "type": "github"
      },
      "original": {
        "owner": "NixOS",
        "ref": "nixos-24.11",
        "repo": "nixpkgs",
        "type": "github"
      }
    },
    "nixpkgs-adapters": {
      "locked": {
        "lastModified": 1784992771,
        "narHash": "sha256-xEE5I69+WNqcs7Z0v5D9xwcHYRbvC8k/fKBmlUBdCp4=",
        "owner": "NixOS",
        "repo": "nixpkgs",
        "rev": "37bfb33419c6e367e8bb6f44041eaecf953b5236",
        "type": "github"
      },
      "original": {
        "owner": "NixOS",
        "ref": "nixpkgs-unstable",
        "repo": "nixpkgs",
        "type": "github"
      }
    },
    "nixpkgs_2": {
      "locked": {
        "lastModified": 1784115452,
        "narHash": "sha256-BoYPdqk6jlKXy+DyUzyGV/CtRGfAhk2MmIgBhsemTGI=",
        "owner": "NixOS",
        "repo": "nixpkgs",
        "rev": "35d3407a3816f3b341d8cf1d60abaf2b7b8166ac",
        "type": "github"
      },
      "original": {
        "owner": "NixOS",
        "ref": "nixpkgs-unstable",
        "repo": "nixpkgs",
        "type": "github"
      }
    },
    "root": {
      "inputs": {
        "agent-functor": "agent-functor",
        "agent-pm": "agent-pm",
        "macha": "macha",
        "nixpkgs": "nixpkgs_2"
      }
    },
    "systems": {
      "locked": {
        "lastModified": 1681028828,
        "narHash": "sha256-Vy1rq5AaRuLzOxct8nz4T6wlgyUR7zLU309k9mBC768=",
        "owner": "nix-systems",
        "repo": "default",
        "rev": "da67096a3b9bf56a91d16901293e51ba5b49a27e",
        "type": "github"
      },
      "original": {
        "owner": "nix-systems",
        "repo": "default",
        "type": "github"
      }
    }
  },
  "root": "root",
  "version": 7
}
