{
  "nodes": {
    "agent-pm": {
      "inputs": {
        "home-manager": "home-manager",
        "nixpkgs": [
          "nixpkgs"
        ]
      },
      "locked": {
        "lastModified": 1784242592,
        "narHash": "sha256-ygl447nKc4Flwgd2pOAQv384S1uWZlJn+tiJe7wZuoo=",
        "owner": "fresheyeball",
        "repo": "flake-prompt",
        "rev": "117e46ccaa3fb9974bdbf2893400ccf477816c3b",
        "type": "gitlab"
      },
      "original": {
        "owner": "fresheyeball",
        "repo": "flake-prompt",
        "type": "gitlab"
      }
    },
    "home-manager": {
      "inputs": {
        "nixpkgs": [
          "agent-pm",
          "nixpkgs"
        ]
      },
      "locked": {
        "lastModified": 1784129366,
        "narHash": "sha256-N5JiyICSeQF14x+OQebNyPpYowOT9Rs1iKyeCylSzOA=",
        "owner": "nix-community",
        "repo": "home-manager",
        "rev": "165228b0efefc3e635e5174020c40ea64271dc25",
        "type": "github"
      },
      "original": {
        "owner": "nix-community",
        "repo": "home-manager",
        "type": "github"
      }
    },
    "macha": {
      "flake": false,
      "locked": {
        "lastModified": 1784053616,
        "narHash": "sha256-xspLMIP/pdOgIY8d9ofG0zRGto2otC6A80u90/H9Fao=",
        "ref": "refs/heads/main",
        "rev": "b51fa711a6cfeb570f7453376450ac5b3cc2f0a5",
        "revCount": 93,
        "type": "git",
        "url": "ssh://git@gitlab.com/mecha-team-zero/macha-orchestration"
      },
      "original": {
        "type": "git",
        "url": "ssh://git@gitlab.com/mecha-team-zero/macha-orchestration"
      }
    },
    "nixpkgs": {
      "locked": {
        "lastModified": 1784115452,
        "narHash": "sha256-BoYPdqk6jlKXy+DyUzyGV/CtRGfAhk2MmIgBhsemTGI=",
        "owner": "NixOS",
        "repo": "nixpkgs",
        "rev": "35d3407a3816f3b341d8cf1d60abaf2b7b8166ac",
        "type": "github"
      },
      "original": {
        "owner": "NixOS",
        "ref": "nixpkgs-unstable",
        "repo": "nixpkgs",
        "type": "github"
      }
    },
    "root": {
      "inputs": {
        "agent-pm": "agent-pm",
        "macha": "macha",
        "nixpkgs": "nixpkgs"
      }
    }
  },
  "root": "root",
  "version": 7
}
