{
  "nodes": {
    "agent-functor": {
      "inputs": {
        "flake-utils": "flake-utils",
        "nixpkgs": "nixpkgs",
        "nixpkgs-adapters": "nixpkgs-adapters"
      },
      "locked": {
        "lastModified": 1786304854,
        "narHash": "sha256-+FklCgbOTnUvf9b0Hgr7mFnOUrdWtIci7cna2RCrE24=",
        "ref": "refs/heads/master",
        "rev": "3cca001b8d4d8580e19c35a14cbbcf5fbcfae3c9",
        "revCount": 253,
        "type": "git",
        "url": "ssh://git@gitlab.com/fresheyeball/agent-functor"
      },
      "original": {
        "type": "git",
        "url": "ssh://git@gitlab.com/fresheyeball/agent-functor"
      }
    },
    "awesome-prompts": {
      "flake": false,
      "locked": {
        "lastModified": 1786209214,
        "narHash": "sha256-7WqGTlaGy6M5FSVC9XcKOrEFo4lT4m357nHlCCCfTvk=",
        "owner": "ai-boost",
        "repo": "awesome-prompts",
        "rev": "f387d66861817c9e244931f3ff80223f75d45e79",
        "type": "github"
      },
      "original": {
        "owner": "ai-boost",
        "repo": "awesome-prompts",
        "type": "github"
      }
    },
    "flake-prompt": {
      "inputs": {
        "home-manager": "home-manager",
        "nixpkgs": [
          "nixpkgs"
        ]
      },
      "locked": {
        "lastModified": 1784242592,
        "narHash": "sha256-ygl447nKc4Flwgd2pOAQv384S1uWZlJn+tiJe7wZuoo=",
        "owner": "fresheyeball",
        "repo": "flake-prompt",
        "rev": "117e46ccaa3fb9974bdbf2893400ccf477816c3b",
        "type": "gitlab"
      },
      "original": {
        "owner": "fresheyeball",
        "repo": "flake-prompt",
        "type": "gitlab"
      }
    },
    "flake-utils": {
      "inputs": {
        "systems": "systems"
      },
      "locked": {
        "lastModified": 1731533236,
        "narHash": "sha256-l0KFg5HjrsfsO/JpG+r7fRrqm12kzFHyUHqHCVpMMbI=",
        "owner": "numtide",
        "repo": "flake-utils",
        "rev": "11707dc2f618dd54ca8739b309ec4fc024de578b",
        "type": "github"
      },
      "original": {
        "owner": "numtide",
        "repo": "flake-utils",
        "type": "github"
      }
    },
    "home-manager": {
      "inputs": {
        "nixpkgs": [
          "flake-prompt",
          "nixpkgs"
        ]
      },
      "locked": {
        "lastModified": 1784129366,
        "narHash": "sha256-N5JiyICSeQF14x+OQebNyPpYowOT9Rs1iKyeCylSzOA=",
        "owner": "nix-community",
        "repo": "home-manager",
        "rev": "165228b0efefc3e635e5174020c40ea64271dc25",
        "type": "github"
      },
      "original": {
        "owner": "nix-community",
        "repo": "home-manager",
        "type": "github"
      }
    },
    "macha": {
      "flake": false,
      "locked": {
        "lastModified": 1786211757,
        "narHash": "sha256-7UiApSderqvYGnEcOfp2Yi87f1IfD9x166kd6kvM+7c=",
        "ref": "refs/heads/main",
        "rev": "c73caf0c039c910fa31fe9578cd49819d1e4d340",
        "revCount": 94,
        "type": "git",
        "url": "ssh://git@gitlab.com/mecha-team-zero/macha-orchestration"
      },
      "original": {
        "type": "git",
        "url": "ssh://git@gitlab.com/mecha-team-zero/macha-orchestration"
      }
    },
    "nixpkgs": {
      "locked": {
        "lastModified": 1751274312,
        "narHash": "sha256-/bVBlRpECLVzjV19t5KMdMFWSwKLtb5RyXdjz3LJT+g=",
        "owner": "NixOS",
        "repo": "nixpkgs",
        "rev": "50ab793786d9de88ee30ec4e4c24fb4236fc2674",
        "type": "github"
      },
      "original": {
        "owner": "NixOS",
        "ref": "nixos-24.11",
        "repo": "nixpkgs",
        "type": "github"
      }
    },
    "nixpkgs-adapters": {
      "locked": {
        "lastModified": 1785975029,
        "narHash": "sha256-X44cn5rzytELc3NNoQsh0aLkjWA/QzPfc6HPQmsG3sU=",
        "owner": "NixOS",
        "repo": "nixpkgs",
        "rev": "70ce234312134a463ba7728e94da2486a1d237ac",
        "type": "github"
      },
      "original": {
        "owner": "NixOS",
        "ref": "nixpkgs-unstable",
        "repo": "nixpkgs",
        "type": "github"
      }
    },
    "nixpkgs_2": {
      "locked": {
        "lastModified": 1785975029,
        "narHash": "sha256-X44cn5rzytELc3NNoQsh0aLkjWA/QzPfc6HPQmsG3sU=",
        "owner": "NixOS",
        "repo": "nixpkgs",
        "rev": "70ce234312134a463ba7728e94da2486a1d237ac",
        "type": "github"
      },
      "original": {
        "owner": "NixOS",
        "ref": "nixpkgs-unstable",
        "repo": "nixpkgs",
        "type": "github"
      }
    },
    "ponytail": {
      "flake": false,
      "locked": {
        "lastModified": 1786139041,
        "narHash": "sha256-bGdXvzhWPwGdz3T2Yh2h6lf+3PBRFAfdBxP5pESmCHI=",
        "owner": "dietrichgebert",
        "repo": "ponytail",
        "rev": "2ed6c52c9d7e5e56942508591085fd45dea277d3",
        "type": "github"
      },
      "original": {
        "owner": "dietrichgebert",
        "repo": "ponytail",
        "type": "github"
      }
    },
    "promptdeploy": {
      "flake": false,
      "locked": {
        "lastModified": 1784239211,
        "narHash": "sha256-6Bfun/MDuGDg8ukX6ozWgzML/Oa1mK0xTFceLzE5CjU=",
        "owner": "jwiegley",
        "repo": "promptdeploy",
        "rev": "17c052b9406f91ff057bd8e3955301035968783a",
        "type": "github"
      },
      "original": {
        "owner": "jwiegley",
        "repo": "promptdeploy",
        "type": "github"
      }
    },
    "root": {
      "inputs": {
        "agent-functor": "agent-functor",
        "awesome-prompts": "awesome-prompts",
        "flake-prompt": "flake-prompt",
        "macha": "macha",
        "nixpkgs": "nixpkgs_2",
        "ponytail": "ponytail",
        "promptdeploy": "promptdeploy",
        "simple-english": "simple-english"
      }
    },
    "simple-english": {
      "flake": false,
      "locked": {
        "lastModified": 1786113268,
        "narHash": "sha256-QmlV9OZ4CNxI+pV7jDcn4n3Zet1+9W7h5oTNCUQ/vrY=",
        "owner": "AminBlg",
        "repo": "SimpleEnglish",
        "rev": "59bf6702197a5aadc96d197ea17f290d8d50dcd3",
        "type": "github"
      },
      "original": {
        "owner": "AminBlg",
        "repo": "SimpleEnglish",
        "type": "github"
      }
    },
    "systems": {
      "locked": {
        "lastModified": 1681028828,
        "narHash": "sha256-Vy1rq5AaRuLzOxct8nz4T6wlgyUR7zLU309k9mBC768=",
        "owner": "nix-systems",
        "repo": "default",
        "rev": "da67096a3b9bf56a91d16901293e51ba5b49a27e",
        "type": "github"
      },
      "original": {
        "owner": "nix-systems",
        "repo": "default",
        "type": "github"
      }
    }
  },
  "root": "root",
  "version": 7
}
